<?xml version="1.0" encoding="utf-8"?>
<Project ToolsVersion="4.0" xmlns="http://schemas.microsoft.com/developer/msbuild/2003">
  <ItemGroup>
    <Filter Include="core">
      <UniqueIdentifier>{4E40957C-3A77-960D-E363-7C10CF79120F}</UniqueIdentifier>
    </Filter>
    <Filter Include="lib">
      <UniqueIdentifier>{3C8C880B-A895-887C-3111-9F7C9D19947C}</UniqueIdentifier>
    </Filter>
  </ItemGroup>
  <ItemGroup>
    <ClInclude Include="src_cpp\core\nw_lua_engine.h">
      <Filter>core</Filter>
    </ClInclude>
    <ClInclude Include="src_cpp\core\nw_lua_tools.h">
      <Filter>core</Filter>
    </ClInclude>
    <ClInclude Include="src_cpp\core\nw_lua_wraps.h">
      <Filter>core</Filter>
    </ClInclude>
    <ClInclude Include="src_cpp\lib\nw_lua_lib.h">
      <Filter>lib</Filter>
    </ClInclude>
    <ClInclude Include="src_cpp\lib\nw_lua_lib_aux.h">
      <Filter>lib</Filter>
    </ClInclude>
    <ClInclude Include="src_cpp\nw_lua.hpp" />
    <ClInclude Include="src_cpp\nw_lua_api.h" />
    <ClInclude Include="src_cpp\nw_lua_code.h" />
    <ClInclude Include="src_cpp\nw_lua_config.h" />
    <ClInclude Include="src_cpp\nw_lua_core.h" />
    <ClInclude Include="src_cpp\nw_lua_core.hpp" />
    <ClInclude Include="src_cpp\nw_lua_ctype.h" />
    <ClInclude Include="src_cpp\nw_lua_debug.h" />
    <ClInclude Include="src_cpp\nw_lua_do.h" />
    <ClInclude Include="src_cpp\nw_lua_func.h" />
    <ClInclude Include="src_cpp\nw_lua_gc.h" />
    <ClInclude Include="src_cpp\nw_lua_lex.h" />
    <ClInclude Include="src_cpp\nw_lua_limit.h" />
    <ClInclude Include="src_cpp\nw_lua_mem.h" />
    <ClInclude Include="src_cpp\nw_lua_obj.h" />
    <ClInclude Include="src_cpp\nw_lua_op_codes.h" />
    <ClInclude Include="src_cpp\nw_lua_op_names.h" />
    <ClInclude Include="src_cpp\nw_lua_parser.h" />
    <ClInclude Include="src_cpp\nw_lua_pch.hpp" />
    <ClInclude Include="src_cpp\nw_lua_prefix.h" />
    <ClInclude Include="src_cpp\nw_lua_str.h" />
    <ClInclude Include="src_cpp\nw_lua_stt.h" />
    <ClInclude Include="src_cpp\nw_lua_tab.h" />
    <ClInclude Include="src_cpp\nw_lua_tab_jump.h" />
    <ClInclude Include="src_cpp\nw_lua_tagm.h" />
    <ClInclude Include="src_cpp\nw_lua_undump.h" />
    <ClInclude Include="src_cpp\nw_lua_vm.h" />
    <ClInclude Include="src_cpp\nw_lua_zbuf.h" />
  </ItemGroup>
  <ItemGroup>
    <ClCompile Include="src_cpp\core\nw_lua_comp.c">
      <Filter>core</Filter>
    </ClCompile>
    <ClCompile Include="src_cpp\core\nw_lua_engine.cpp">
      <Filter>core</Filter>
    </ClCompile>
    <ClCompile Include="src_cpp\core\nw_lua_tools.cpp">
      <Filter>core</Filter>
    </ClCompile>
    <ClCompile Include="src_cpp\lib\nw_lua_lib_aux.c">
      <Filter>lib</Filter>
    </ClCompile>
    <ClCompile Include="src_cpp\lib\nw_lua_lib_base.c">
      <Filter>lib</Filter>
    </ClCompile>
    <ClCompile Include="src_cpp\lib\nw_lua_lib_db.c">
      <Filter>lib</Filter>
    </ClCompile>
    <ClCompile Include="src_cpp\lib\nw_lua_lib_io.c">
      <Filter>lib</Filter>
    </ClCompile>
    <ClCompile Include="src_cpp\lib\nw_lua_lib_load.c">
      <Filter>lib</Filter>
    </ClCompile>
    <ClCompile Include="src_cpp\lib\nw_lua_lib_os.c">
      <Filter>lib</Filter>
    </ClCompile>
    <ClCompile Include="src_cpp\lib\nw_lua_lib_str.c">
      <Filter>lib</Filter>
    </ClCompile>
    <ClCompile Include="src_cpp\lib\nw_lua_lib_tab.c">
      <Filter>lib</Filter>
    </ClCompile>
    <ClCompile Include="src_cpp\nw_lua.c" />
    <ClCompile Include="src_cpp\nw_lua_api.c" />
    <ClCompile Include="src_cpp\nw_lua_code.c" />
    <ClCompile Include="src_cpp\nw_lua_corolib.c" />
    <ClCompile Include="src_cpp\nw_lua_ctype.c" />
    <ClCompile Include="src_cpp\nw_lua_debug.c" />
    <ClCompile Include="src_cpp\nw_lua_do.c" />
    <ClCompile Include="src_cpp\nw_lua_dump.c" />
    <ClCompile Include="src_cpp\nw_lua_func.c" />
    <ClCompile Include="src_cpp\nw_lua_gc.c" />
    <ClCompile Include="src_cpp\nw_lua_init.c" />
    <ClCompile Include="src_cpp\nw_lua_lex.c" />
    <ClCompile Include="src_cpp\nw_lua_math.c" />
    <ClCompile Include="src_cpp\nw_lua_mem.c" />
    <ClCompile Include="src_cpp\nw_lua_obj.c" />
    <ClCompile Include="src_cpp\nw_lua_op_codes.c" />
    <ClCompile Include="src_cpp\nw_lua_parser.c" />
    <ClCompile Include="src_cpp\nw_lua_pch.cpp" />
    <ClCompile Include="src_cpp\nw_lua_str.c" />
    <ClCompile Include="src_cpp\nw_lua_stt.c" />
    <ClCompile Include="src_cpp\nw_lua_tab.c" />
    <ClCompile Include="src_cpp\nw_lua_tagm.c" />
    <ClCompile Include="src_cpp\nw_lua_undump.c" />
    <ClCompile Include="src_cpp\nw_lua_utf8.c" />
    <ClCompile Include="src_cpp\nw_lua_vm.c" />
    <ClCompile Include="src_cpp\nw_lua_zbuf.c" />
  </ItemGroup>
</Project>